// !$*UTF8*$!
{
	archiveVersion = 1;
	classes = {
	};
	objectVersion = 50;
	objects = {

/* Begin PBXBuildFile section */
		59AC98F62204276A0015F8B3 /* AppDelegate.swift in Sources */ = {isa = PBXBuildFile; fileRef = 59AC98F52204276A0015F8B3 /* AppDelegate.swift */; };
		59AC98F82204276A0015F8B3 /* ViewController.swift in Sources */ = {isa = PBXBuildFile; fileRef = 59AC98F72204276A0015F8B3 /* ViewController.swift */; };
		59AC98FB2204276A0015F8B3 /* Main.storyboard in Resources */ = {isa = PBXBuildFile; fileRef = 59AC98F92204276A0015F8B3 /* Main.storyboard */; };
		59AC98FE2204276A0015F8B3 /* tipsCP.xcdatamodeld in Sources */ = {isa = PBXBuildFile; fileRef = 59AC98FC2204276A0015F8B3 /* tipsCP.xcdatamodeld */; };
		59AC99002204276B0015F8B3 /* Assets.xcassets in Resources */ = {isa = PBXBuildFile; fileRef = 59AC98FF2204276B0015F8B3 /* Assets.xcassets */; };
		59AC99032204276B0015F8B3 /* LaunchScreen.storyboard in Resources */ = {isa = PBXBuildFile; fileRef = 59AC99012204276B0015F8B3 /* LaunchScreen.storyboard */; };
		59AC990E2204276B0015F8B3 /* tipsCPTests.swift in Sources */ = {isa = PBXBuildFile; fileRef = 59AC990D2204276B0015F8B3 /* tipsCPTests.swift */; };
		59AC99192204276B0015F8B3 /* tipsCPUITests.swift in Sources */ = {isa = PBXBuildFile; fileRef = 59AC99182204276B0015F8B3 /* tipsCPUITests.swift */; };
/* End PBXBuildFile section */

/* Begin PBXContainerItemProxy section */
		59AC990A2204276B0015F8B3 /* PBXContainerItemProxy */ = {
			isa = PBXContainerItemProxy;
			containerPortal = 59AC98EA2204276A0015F8B3 /* Project object */;
			proxyType = 1;
			remoteGlobalIDString = 59AC98F12204276A0015F8B3;
			remoteInfo = tipsCP;
		};
		59AC99152204276B0015F8B3 /* PBXContainerItemProxy */ = {
			isa = PBXContainerItemProxy;
			containerPortal = 59AC98EA2204276A0015F8B3 /* Project object */;
			proxyType = 1;
			remoteGlobalIDString = 59AC98F12204276A0015F8B3;
			remoteInfo = tipsCP;
		};
/* End PBXContainerItemProxy section */

/* Begin PBXFileReference section */
		59AC98F22204276A0015F8B3 /* tipsCP.app */ = {isa = PBXFileReference; explicitFileType = wrapper.application; includeInIndex = 0; path = tipsCP.app; sourceTree = BUILT_PRODUCTS_DIR; };
		59AC98F52204276A0015F8B3 /* AppDelegate.swift */ = {isa = PBXFileReference; lastKnownFileType = sourcecode.swift; path = AppDelegate.swift; sourceTree = "<group>"; };
		59AC98F72204276A0015F8B3 /* ViewController.swift */ = {isa = PBXFileReference; lastKnownFileType = sourcecode.swift; path = ViewController.swift; sourceTree = "<group>"; };
		59AC98FA2204276A0015F8B3 /* Base */ = {isa = PBXFileReference; lastKnownFileType = file.storyboard; name = Base; path = Base.lproj/Main.storyboard; sourceTree = "<group>"; };
		59AC98FD2204276A0015F8B3 /* tipsCP.xcdatamodel */ = {isa = PBXFileReference; lastKnownFileType = wrapper.xcdatamodel; path = tipsCP.xcdatamodel; sourceTree = "<group>"; };
		59AC98FF2204276B0015F8B3 /* Assets.xcassets */ = {isa = PBXFileReference; lastKnownFileType = folder.assetcatalog; path = Assets.xcassets; sourceTree = "<group>"; };
		59AC99022204276B0015F8B3 /* Base */ = {isa = PBXFileReference; lastKnownFileType = file.storyboard; name = Base; path = Base.lproj/LaunchScreen.storyboard; sourceTree = "<group>"; };
		59AC99042204276B0015F8B3 /* Info.plist */ = {isa = PBXFileReference; lastKnownFileType = text.plist.xml; path = Info.plist; sourceTree = "<group>"; };
		59AC99092204276B0015F8B3 /* tipsCPTests.xctest */ = {isa = PBXFileReference; explicitFileType = wrapper.cfbundle; includeInIndex = 0; path = tipsCPTests.xctest; sourceTree = BUILT_PRODUCTS_DIR; };
		59AC990D2204276B0015F8B3 /* tipsCPTests.swift */ = {isa = PBXFileReference; lastKnownFileType = sourcecode.swift; path = tipsCPTests.swift; sourceTree = "<group>"; };
		59AC990F2204276B0015F8B3 /* Info.plist */ = {isa = PBXFileReference; lastKnownFileType = text.plist.xml; path = Info.plist; sourceTree = "<group>"; };
		59AC99142204276B0015F8B3 /* tipsCPUITests.xctest */ = {isa = PBXFileReference; explicitFileType = wrapper.cfbundle; includeInIndex = 0; path = tipsCPUITests.xctest; sourceTree = BUILT_PRODUCTS_DIR; };
		59AC99182204276B0015F8B3 /* tipsCPUITests.swift */ = {isa = PBXFileReference; lastKnownFileType = sourcecode.swift; path = tipsCPUITests.swift; sourceTree = "<group>"; };
		59AC991A2204276B0015F8B3 /* Info.plist */ = {isa = PBXFileReference; lastKnownFileType = text.plist.xml; path = Info.plist; sourceTree = "<group>"; };
/* End PBXFileReference section */

/* Begin PBXFrameworksBuildPhase section */
		59AC98EF2204276A0015F8B3 /* Frameworks */ = {
			isa = PBXFrameworksBuildPhase;
			buildActionMask = 2147483647;
			files = (
			);
			runOnlyForDeploymentPostprocessing = 0;
		};
		59AC99062204276B0015F8B3 /* Frameworks */ = {
			isa = PBXFrameworksBuildPhase;
			buildActionMask = 2147483647;
			files = (
			);
			runOnlyForDeploymentPostprocessing = 0;
		};
		59AC99112204276B0015F8B3 /* Frameworks */ = {
			isa = PBXFrameworksBuildPhase;
			buildActionMask = 2147483647;
			files = (
			);
			runOnlyForDeploymentPostprocessing = 0;
		};
/* End PBXFrameworksBuildPhase section */

/* Begin PBXGroup section */
		59AC98E92204276A0015F8B3 = {
			isa = PBXGroup;
			children = (
				59AC98F42204276A0015F8B3 /* tipsCP */,
				59AC990C2204276B0015F8B3 /* tipsCPTests */,
				59AC99172204276B0015F8B3 /* tipsCPUITests */,
				59AC98F32204276A0015F8B3 /* Products */,
			);
			sourceTree = "<group>";
		};
		59AC98F32204276A0015F8B3 /* Products */ = {
			isa = PBXGroup;
			children = (
				59AC98F22204276A0015F8B3 /* tipsCP.app */,
				59AC99092204276B0015F8B3 /* tipsCPTests.xctest */,
				59AC99142204276B0015F8B3 /* tipsCPUITests.xctest */,
			);
			name = Products;
			sourceTree = "<group>";
		};
		59AC98F42204276A0015F8B3 /* tipsCP */ = {
			isa = PBXGroup;
			children = (
				59AC98F52204276A0015F8B3 /* AppDelegate.swift */,
				59AC98F72204276A0015F8B3 /* ViewController.swift */,
				59AC98F92204276A0015F8B3 /* Main.storyboard */,
				59AC98FF2204276B0015F8B3 /* Assets.xcassets */,
				59AC99012204276B0015F8B3 /* LaunchScreen.storyboard */,
				59AC99042204276B0015F8B3 /* Info.plist */,
				59AC98FC2204276A0015F8B3 /* tipsCP.xcdatamodeld */,
			);
			path = tipsCP;
			sourceTree = "<group>";
		};
		59AC990C2204276B0015F8B3 /* tipsCPTests */ = {
			isa = PBXGroup;
			children = (
				59AC990D2204276B0015F8B3 /* tipsCPTests.swift */,
				59AC990F2204276B0015F8B3 /* Info.plist */,
			);
			path = tipsCPTests;
			sourceTree = "<group>";
		};
		59AC99172204276B0015F8B3 /* tipsCPUITests */ = {
			isa = PBXGroup;
			children = (
				59AC99182204276B0015F8B3 /* tipsCPUITests.swift */,
				59AC991A2204276B0015F8B3 /* Info.plist */,
			);
			path = tipsCPUITests;
			sourceTree = "<group>";
		};
/* End PBXGroup section */

/* Begin PBXNativeTarget section */
		59AC98F12204276A0015F8B3 /* tipsCP */ = {
			isa = PBXNativeTarget;
			buildConfigurationList = 59AC991D2204276B0015F8B3 /* Build configuration list for PBXNativeTarget "tipsCP" */;
			buildPhases = (
				59AC98EE2204276A0015F8B3 /* Sources */,
				59AC98EF2204276A0015F8B3 /* Frameworks */,
				59AC98F02204276A0015F8B3 /* Resources */,
			);
			buildRules = (
			);
			dependencies = (
			);
			name = tipsCP;
			productName = tipsCP;
			productReference = 59AC98F22204276A0015F8B3 /* tipsCP.app */;
			productType = "com.apple.product-type.application";
		};
		59AC99082204276B0015F8B3 /* tipsCPTests */ = {
			isa = PBXNativeTarget;
			buildConfigurationList = 59AC99202204276B0015F8B3 /* Build configuration list for PBXNativeTarget "tipsCPTests" */;
			buildPhases = (
				59AC99052204276B0015F8B3 /* Sources */,
				59AC99062204276B0015F8B3 /* Frameworks */,
				59AC99072204276B0015F8B3 /* Resources */,
			);
			buildRules = (
			);
			dependencies = (
				59AC990B2204276B0015F8B3 /* PBXTargetDependency */,
			);
			name = tipsCPTests;
			productName = tipsCPTests;
			productReference = 59AC99092204276B0015F8B3 /* tipsCPTests.xctest */;
			productType = "com.apple.product-type.bundle.unit-test";
		};
		59AC99132204276B0015F8B3 /* tipsCPUITests */ = {
			isa = PBXNativeTarget;
			buildConfigurationList = 59AC99232204276B0015F8B3 /* Build configuration list for PBXNativeTarget "tipsCPUITests" */;
			buildPhases = (
				59AC99102204276B0015F8B3 /* Sources */,
				59AC99112204276B0015F8B3 /* Frameworks */,
				59AC99122204276B0015F8B3 /* Resources */,
			);
			buildRules = (
			);
			dependencies = (
				59AC99162204276B0015F8B3 /* PBXTargetDependency */,
			);
			name = tipsCPUITests;
			productName = tipsCPUITests;
			productReference = 59AC99142204276B0015F8B3 /* tipsCPUITests.xctest */;
			productType = "com.apple.product-type.bundle.ui-testing";
		};
/* End PBXNativeTarget section */

/* Begin PBXProject section */
		59AC98EA2204276A0015F8B3 /* Project object */ = {
			isa = PBXProject;
			attributes = {
				LastSwiftUpdateCheck = 1010;
				LastUpgradeCheck = 1010;
				ORGANIZATIONNAME = "Oliver Thurn";
				TargetAttributes = {
					59AC98F12204276A0015F8B3 = {
						CreatedOnToolsVersion = 10.1;
					};
					59AC99082204276B0015F8B3 = {
						CreatedOnToolsVersion = 10.1;
						TestTargetID = 59AC98F12204276A0015F8B3;
					};
					59AC99132204276B0015F8B3 = {
						CreatedOnToolsVersion = 10.1;
						TestTargetID = 59AC98F12204276A0015F8B3;
					};
				};
			};
			buildConfigurationList = 59AC98ED2204276A0015F8B3 /* Build configuration list for PBXProject "tipsCP" */;
			compatibilityVersion = "Xcode 9.3";
			developmentRegion = en;
			hasScannedForEncodings = 0;
			knownRegions = (
				en,
				Base,
			);
			mainGroup = 59AC98E92204276A0015F8B3;
			productRefGroup = 59AC98F32204276A0015F8B3 /* Products */;
			projectDirPath = "";
			projectRoot = "";
			targets = (
				59AC98F12204276A0015F8B3 /* tipsCP */,
				59AC99082204276B0015F8B3 /* tipsCPTests */,
				59AC99132204276B0015F8B3 /* tipsCPUITests */,
			);
		};
/* End PBXProject section */

/* Begin PBXResourcesBuildPhase section */
		59AC98F02204276A0015F8B3 /* Resources */ = {
			isa = PBXResourcesBuildPhase;
			buildActionMask = 2147483647;
			files = (
				59AC99032204276B0015F8B3 /* LaunchScreen.storyboard in Resources */,
				59AC99002204276B0015F8B3 /* Assets.xcassets in Resources */,
				59AC98FB2204276A0015F8B3 /* Main.storyboard in Resources */,
			);
			runOnlyForDeploymentPostprocessing = 0;
		};
		59AC99072204276B0015F8B3 /* Resources */ = {
			isa = PBXResourcesBuildPhase;
			buildActionMask = 2147483647;
			files = (
			);
			runOnlyForDeploymentPostprocessing = 0;
		};
		59AC99122204276B0015F8B3 /* Resources */ = {
			isa = PBXResourcesBuildPhase;
			buildActionMask = 2147483647;
			files = (
			);
			runOnlyForDeploymentPostprocessing = 0;
		};
/* End PBXResourcesBuildPhase section */

/* Begin PBXSourcesBuildPhase section */
		59AC98EE2204276A0015F8B3 /* Sources */ = {
			isa = PBXSourcesBuildPhase;
			buildActionMask = 2147483647;
			files = (
				59AC98FE2204276A0015F8B3 /* tipsCP.xcdatamodeld in Sources */,
				59AC98F82204276A0015F8B3 /* ViewController.swift in Sources */,
				59AC98F62204276A0015F8B3 /* AppDelegate.swift in Sources */,
			);
			runOnlyForDeploymentPostprocessing = 0;
		};
		59AC99052204276B0015F8B3 /* Sources */ = {
			isa = PBXSourcesBuildPhase;
			buildActionMask = 2147483647;
			files = (
				59AC990E2204276B0015F8B3 /* tipsCPTests.swift in Sources */,
			);
			runOnlyForDeploymentPostprocessing = 0;
		};
		59AC99102204276B0015F8B3 /* Sources */ = {
			isa = PBXSourcesBuildPhase;
			buildActionMask = 2147483647;
			files = (
				59AC99192204276B0015F8B3 /* tipsCPUITests.swift in Sources */,
			);
			runOnlyForDeploymentPostprocessing = 0;
		};
/* End PBXSourcesBuildPhase section */

/* Begin PBXTargetDependency section */
		59AC990B2204276B0015F8B3 /* PBXTargetDependency */ = {
			isa = PBXTargetDependency;
			target = 59AC98F12204276A0015F8B3 /* tipsCP */;
			targetProxy = 59AC990A2204276B0015F8B3 /* PBXContainerItemProxy */;
		};
		59AC99162204276B0015F8B3 /* PBXTargetDependency */ = {
			isa = PBXTargetDependency;
			target = 59AC98F12204276A0015F8B3 /* tipsCP */;
			targetProxy = 59AC99152204276B0015F8B3 /* PBXContainerItemProxy */;
		};
/* End PBXTargetDependency section */

/* Begin PBXVariantGroup section */
		59AC98F92204276A0015F8B3 /* Main.storyboard */ = {
			isa = PBXVariantGroup;
			children = (
				59AC98FA2204276A0015F8B3 /* Base */,
			);
			name = Main.storyboard;
			sourceTree = "<group>";
		};
		59AC99012204276B0015F8B3 /* LaunchScreen.storyboard */ = {
			isa = PBXVariantGroup;
			children = (
				59AC99022204276B0015F8B3 /* Base */,
			);
			name = LaunchScreen.storyboard;
			sourceTree = "<group>";
		};
/* End PBXVariantGroup section */

/* Begin XCBuildConfiguration section */
		59AC991B2204276B0015F8B3 /* Debug */ = {
			isa = XCBuildConfiguration;
			buildSettings = {
				ALWAYS_SEARCH_USER_PATHS = NO;
				CLANG_ANALYZER_NONNULL = YES;
				CLANG_ANALYZER_NUMBER_OBJECT_CONVERSION = YES_AGGRESSIVE;
				CLANG_CXX_LANGUAGE_STANDARD = "gnu++14";
				CLANG_CXX_LIBRARY = "libc++";
				CLANG_ENABLE_MODULES = YES;
				CLANG_ENABLE_OBJC_ARC = YES;
				CLANG_ENABLE_OBJC_WEAK = YES;
				CLANG_WARN_BLOCK_CAPTURE_AUTORELEASING = YES;
				CLANG_WARN_BOOL_CONVERSION = YES;
				CLANG_WARN_COMMA = YES;
				CLANG_WARN_CONSTANT_CONVERSION = YES;
				CLANG_WARN_DEPRECATED_OBJC_IMPLEMENTATIONS = YES;
				CLANG_WARN_DIRECT_OBJC_ISA_USAGE = YES_ERROR;
				CLANG_WARN_DOCUMENTATION_COMMENTS = YES;
				CLANG_WARN_EMPTY_BODY = YES;
				CLANG_WARN_ENUM_CONVERSION = YES;
				CLANG_WARN_INFINITE_RECURSION = YES;
				CLANG_WARN_INT_CONVERSION = YES;
				CLANG_WARN_NON_LITERAL_NULL_CONVERSION = YES;
				CLANG_WARN_OBJC_IMPLICIT_RETAIN_SELF = YES;
				CLANG_WARN_OBJC_LITERAL_CONVERSION = YES;
				CLANG_WARN_OBJC_ROOT_CLASS = YES_ERROR;
				CLANG_WARN_RANGE_LOOP_ANALYSIS = YES;
				CLANG_WARN_STRICT_PROTOTYPES = YES;
				CLANG_WARN_SUSPICIOUS_MOVE = YES;
				CLANG_WARN_UNGUARDED_AVAILABILITY = YES_AGGRESSIVE;
				CLANG_WARN_UNREACHABLE_CODE = YES;
				CLANG_WARN__DUPLICATE_METHOD_MATCH = YES;
				CODE_SIGN_IDENTITY = "iPhone Developer";
				COPY_PHASE_STRIP = NO;
				DEBUG_INFORMATION_FORMAT = dwarf;
				ENABLE_STRICT_OBJC_MSGSEND = YES;
				ENABLE_TESTABILITY = YES;
				GCC_C_LANGUAGE_STANDARD = gnu11;
				GCC_DYNAMIC_NO_PIC = NO;
				GCC_NO_COMMON_BLOCKS = YES;
				GCC_OPTIMIZATION_LEVEL = 0;
				GCC_PREPROCESSOR_DEFINITIONS = (
					"DEBUG=1",
					"$(inherited)",
				);
				GCC_WARN_64_TO_32_BIT_CONVERSION = YES;
				GCC_WARN_ABOUT_RETURN_TYPE = YES_ERROR;
				GCC_WARN_UNDECLARED_SELECTOR = YES;
				GCC_WARN_UNINITIALIZED_AUTOS = YES_AGGRESSIVE;
				GCC_WARN_UNUSED_FUNCTION = YES;
				GCC_WARN_UNUSED_VARIABLE = YES;
				IPHONEOS_DEPLOYMENT_TARGET = 12.1;
				MTL_ENABLE_DEBUG_INFO = INCLUDE_SOURCE;
				MTL_FAST_MATH = YES;
				ONLY_ACTIVE_ARCH = YES;
				SDKROOT = iphoneos;
				SWIFT_ACTIVE_COMPILATION_CONDITIONS = DEBUG;
				SWIFT_OPTIMIZATION_LEVEL = "-Onone";
			};
			name = Debug;
		};
		59AC991C2204276B0015F8B3 /* Release */ = {
			isa = XCBuildConfiguration;
			buildSettings = {
				ALWAYS_SEARCH_USER_PATHS = NO;
				CLANG_ANALYZER_NONNULL = YES;
				CLANG_ANALYZER_NUMBER_OBJECT_CONVERSION = YES_AGGRESSIVE;
				CLANG_CXX_LANGUAGE_STANDARD = "gnu++14";
				CLANG_CXX_LIBRARY = "libc++";
				CLANG_ENABLE_MODULES = YES;
				CLANG_ENABLE_OBJC_ARC = YES;
				CLANG_ENABLE_OBJC_WEAK = YES;
				CLANG_WARN_BLOCK_CAPTURE_AUTORELEASING = YES;
				CLANG_WARN_BOOL_CONVERSION = YES;
				CLANG_WARN_COMMA = YES;
				CLANG_WARN_CONSTANT_CONVERSION = YES;
				CLANG_WARN_DEPRECATED_OBJC_IMPLEMENTATIONS = YES;
				CLANG_WARN_DIRECT_OBJC_ISA_USAGE = YES_ERROR;
				CLANG_WARN_DOCUMENTATION_COMMENTS = YES;
				CLANG_WARN_EMPTY_BODY = YES;
				CLANG_WARN_ENUM_CONVERSION = YES;
				CLANG_WARN_INFINITE_RECURSION = YES;
				CLANG_WARN_INT_CONVERSION = YES;
				CLANG_WARN_NON_LITERAL_NULL_CONVERSION = YES;
				CLANG_WARN_OBJC_IMPLICIT_RETAIN_SELF = YES;
				CLANG_WARN_OBJC_LITERAL_CONVERSION = YES;
				CLANG_WARN_OBJC_ROOT_CLASS = YES_ERROR;
				CLANG_WARN_RANGE_LOOP_ANALYSIS = YES;
				CLANG_WARN_STRICT_PROTOTYPES = YES;
				CLANG_WARN_SUSPICIOUS_MOVE = YES;
				CLANG_WARN_UNGUARDED_AVAILABILITY = YES_AGGRESSIVE;
				CLANG_WARN_UNREACHABLE_CODE = YES;
				CLANG_WARN__DUPLICATE_METHOD_MATCH = YES;
				CODE_SIGN_IDENTITY = "iPhone Developer";
				COPY_PHASE_STRIP = NO;
				DEBUG_INFORMATION_FORMAT = "dwarf-with-dsym";
				ENABLE_NS_ASSERTIONS = NO;
				ENABLE_STRICT_OBJC_MSGSEND = YES;
				GCC_C_LANGUAGE_STANDARD = gnu11;
				GCC_NO_COMMON_BLOCKS = YES;
				GCC_WARN_64_TO_32_BIT_CONVERSION = YES;
				GCC_WARN_ABOUT_RETURN_TYPE = YES_ERROR;
				GCC_WARN_UNDECLARED_SELECTOR = YES;
				GCC_WARN_UNINITIALIZED_AUTOS = YES_AGGRESSIVE;
				GCC_WARN_UNUSED_FUNCTION = YES;
				GCC_WARN_UNUSED_VARIABLE = YES;
				IPHONEOS_DEPLOYMENT_TARGET = 12.1;
				MTL_ENABLE_DEBUG_INFO = NO;
				MTL_FAST_MATH = YES;
				SDKROOT = iphoneos;
				SWIFT_COMPILATION_MODE = wholemodule;
				SWIFT_OPTIMIZATION_LEVEL = "-O";
				VALIDATE_PRODUCT = YES;
			};
			name = Release;
		};
		59AC991E2204276B0015F8B3 /* Debug */ = {
			isa = XCBuildConfiguration;
			buildSettings = {
				ASSETCATALOG_COMPILER_APPICON_NAME = AppIcon;
				CODE_SIGN_STYLE = Automatic;
				DEVELOPMENT_TEAM = QW4ZBW5U8P;
				INFOPLIST_FILE = tipsCP/Info.plist;
				LD_RUNPATH_SEARCH_PATHS = (
					"$(inherited)",
					"@executable_path/Frameworks",
				);
				PRODUCT_BUNDLE_IDENTIFIER = SMM.tipsCP;
				PRODUCT_NAME = "$(TARGET_NAME)";
				SWIFT_VERSION = 4.2;
				TARGETED_DEVICE_FAMILY = "1,2";
			};
			name = Debug;
		};
		59AC991F2204276B0015F8B3 /* Release */ = {
			isa = XCBuildConfiguration;
			buildSettings = {
				ASSETCATALOG_COMPILER_APPICON_NAME = AppIcon;
				CODE_SIGN_STYLE = Automatic;
				DEVELOPMENT_TEAM = QW4ZBW5U8P;
				INFOPLIST_FILE = tipsCP/Info.plist;
				LD_RUNPATH_SEARCH_PATHS = (
					"$(inherited)",
					"@executable_path/Frameworks",
				);
				PRODUCT_BUNDLE_IDENTIFIER = SMM.tipsCP;
				PRODUCT_NAME = "$(TARGET_NAME)";
				SWIFT_VERSION = 4.2;
				TARGETED_DEVICE_FAMILY = "1,2";
			};
			name = Release;
		};
		59AC99212204276B0015F8B3 /* Debug */ = {
			isa = XCBuildConfiguration;
			buildSettings = {
				ALWAYS_EMBED_SWIFT_STANDARD_LIBRARIES = YES;
				BUNDLE_LOADER = "$(TEST_HOST)";
				CODE_SIGN_STYLE = Automatic;
				DEVELOPMENT_TEAM = QW4ZBW5U8P;
				INFOPLIST_FILE = tipsCPTests/Info.plist;
				LD_RUNPATH_SEARCH_PATHS = (
					"$(inherited)",
					"@executable_path/Frameworks",
					"@loader_path/Frameworks",
				);
				PRODUCT_BUNDLE_IDENTIFIER = SMM.tipsCPTests;
				PRODUCT_NAME = "$(TARGET_NAME)";
				SWIFT_VERSION = 4.2;
				TARGETED_DEVICE_FAMILY = "1,2";
				TEST_HOST = "$(BUILT_PRODUCTS_DIR)/tipsCP.app/tipsCP";
			};
			name = Debug;
		};
		59AC99222204276B0015F8B3 /* Release */ = {
			isa = XCBuildConfiguration;
			buildSettings = {
				ALWAYS_EMBED_SWIFT_STANDARD_LIBRARIES = YES;
				BUNDLE_LOADER = "$(TEST_HOST)";
				CODE_SIGN_STYLE = Automatic;
				DEVELOPMENT_TEAM = QW4ZBW5U8P;
				INFOPLIST_FILE = tipsCPTests/Info.plist;
				LD_RUNPATH_SEARCH_PATHS = (
					"$(inherited)",
					"@executable_path/Frameworks",
					"@loader_path/Frameworks",
				);
				PRODUCT_BUNDLE_IDENTIFIER = SMM.tipsCPTests;
				PRODUCT_NAME = "$(TARGET_NAME)";
				SWIFT_VERSION = 4.2;
				TARGETED_DEVICE_FAMILY = "1,2";
				TEST_HOST = "$(BUILT_PRODUCTS_DIR)/tipsCP.app/tipsCP";
			};
			name = Release;
		};
		59AC99242204276B0015F8B3 /* Debug */ = {
			isa = XCBuildConfiguration;
			buildSettings = {
				ALWAYS_EMBED_SWIFT_STANDARD_LIBRARIES = YES;
				CODE_SIGN_STYLE = Automatic;
				DEVELOPMENT_TEAM = QW4ZBW5U8P;
				INFOPLIST_FILE = tipsCPUITests/Info.plist;
				LD_RUNPATH_SEARCH_PATHS = (
					"$(inherited)",
					"@executable_path/Frameworks",
					"@loader_path/Frameworks",
				);
				PRODUCT_BUNDLE_IDENTIFIER = SMM.tipsCPUITests;
				PRODUCT_NAME = "$(TARGET_NAME)";
				SWIFT_VERSION = 4.2;
				TARGETED_DEVICE_FAMILY = "1,2";
				TEST_TARGET_NAME = tipsCP;
			};
			name = Debug;
		};
		59AC99252204276B0015F8B3 /* Release */ = {
			isa = XCBuildConfiguration;
			buildSettings = {
				ALWAYS_EMBED_SWIFT_STANDARD_LIBRARIES = YES;
				CODE_SIGN_STYLE = Automatic;
				DEVELOPMENT_TEAM = QW4ZBW5U8P;
				INFOPLIST_FILE = tipsCPUITests/Info.plist;
				LD_RUNPATH_SEARCH_PATHS = (
					"$(inherited)",
					"@executable_path/Frameworks",
					"@loader_path/Frameworks",
				);
				PRODUCT_BUNDLE_IDENTIFIER = SMM.tipsCPUITests;
				PRODUCT_NAME = "$(TARGET_NAME)";
				SWIFT_VERSION = 4.2;
				TARGETED_DEVICE_FAMILY = "1,2";
				TEST_TARGET_NAME = tipsCP;
			};
			name = Release;
		};
/* End XCBuildConfiguration section */

/* Begin XCConfigurationList section */
		59AC98ED2204276A0015F8B3 /* Build configuration list for PBXProject "tipsCP" */ = {
			isa = XCConfigurationList;
			buildConfigurations = (
				59AC991B2204276B0015F8B3 /* Debug */,
				59AC991C2204276B0015F8B3 /* Release */,
			);
			defaultConfigurationIsVisible = 0;
			defaultConfigurationName = Release;
		};
		59AC991D2204276B0015F8B3 /* Build configuration list for PBXNativeTarget "tipsCP" */ = {
			isa = XCConfigurationList;
			buildConfigurations = (
				59AC991E2204276B0015F8B3 /* Debug */,
				59AC991F2204276B0015F8B3 /* Release */,
			);
			defaultConfigurationIsVisible = 0;
			defaultConfigurationName = Release;
		};
		59AC99202204276B0015F8B3 /* Build configuration list for PBXNativeTarget "tipsCPTests" */ = {
			isa = XCConfigurationList;
			buildConfigurations = (
				59AC99212204276B0015F8B3 /* Debug */,
				59AC99222204276B0015F8B3 /* Release */,
			);
			defaultConfigurationIsVisible = 0;
			defaultConfigurationName = Release;
		};
		59AC99232204276B0015F8B3 /* Build configuration list for PBXNativeTarget "tipsCPUITests" */ = {
			isa = XCConfigurationList;
			buildConfigurations = (
				59AC99242204276B0015F8B3 /* Debug */,
				59AC99252204276B0015F8B3 /* Release */,
			);
			defaultConfigurationIsVisible = 0;
			defaultConfigurationName = Release;
		};
/* End XCConfigurationList section */

/* Begin XCVersionGroup section */
		59AC98FC2204276A0015F8B3 /* tipsCP.xcdatamodeld */ = {
			isa = XCVersionGroup;
			children = (
				59AC98FD2204276A0015F8B3 /* tipsCP.xcdatamodel */,
			);
			currentVersion = 59AC98FD2204276A0015F8B3 /* tipsCP.xcdatamodel */;
			path = tipsCP.xcdatamodeld;
			sourceTree = "<group>";
			versionGroupType = wrapper.xcdatamodel;
		};
/* End XCVersionGroup section */
	};
	rootObject = 59AC98EA2204276A0015F8B3 /* Project object */;
}
